
Microsoft Visual Studio Solution File, Format Version 12.00
# Visual Studio Version 17
VisualStudioVersion = 17.9.34622.214
MinimumVisualStudioVersion = 10.0.40219.1
Project("{9A19103F-16F7-4668-BE54-9A1E7A4F7556}") = "EmployeeForm", "EmployeeForm\EmployeeForm.csproj", "{90AFE362-9028-4394-AE5D-903CAB78EBD0}"
EndProject
Project("{FAE04EC0-301F-11D3-BF4B-00C04F79EFBC}") = "UploadFile", "UploadFile\UploadFile.csproj", "{59EAF42D-16B2-4928-B243-3AF28320D11B}"
EndProject
Project("{9A19103F-16F7-4668-BE54-9A1E7A4F7556}") = "LoginForm", "LoginForm\LoginForm.csproj", "{FC087083-FE87-403F-B890-1EF1E5A5F0FD}"
EndProject
Project("{FAE04EC0-301F-11D3-BF4B-00C04F79EFBC}") = "DBLibrary", "DBLibrary\DBLibrary.csproj", "{713DFFBE-D7B0-4C11-BE73-1256CCFA6608}"
EndProject
Global
	GlobalSection(SolutionConfigurationPlatforms) = preSolution
		Debug|Any CPU = Debug|Any CPU
		Release|Any CPU = Release|Any CPU
	EndGlobalSection
	GlobalSection(ProjectConfigurationPlatforms) = postSolution
		{90AFE362-9028-4394-AE5D-903CAB78EBD0}.Debug|Any CPU.ActiveCfg = Debug|Any CPU
		{90AFE362-9028-4394-AE5D-903CAB78EBD0}.Debug|Any CPU.Build.0 = Debug|Any CPU
		{90AFE362-9028-4394-AE5D-903CAB78EBD0}.Release|Any CPU.ActiveCfg = Release|Any CPU
		{90AFE362-9028-4394-AE5D-903CAB78EBD0}.Release|Any CPU.Build.0 = Release|Any CPU
		{59EAF42D-16B2-4928-B243-3AF28320D11B}.Debug|Any CPU.ActiveCfg = Debug|Any CPU
		{59EAF42D-16B2-4928-B243-3AF28320D11B}.Debug|Any CPU.Build.0 = Debug|Any CPU
		{59EAF42D-16B2-4928-B243-3AF28320D11B}.Release|Any CPU.ActiveCfg = Release|Any CPU
		{59EAF42D-16B2-4928-B243-3AF28320D11B}.Release|Any CPU.Build.0 = Release|Any CPU
		{FC087083-FE87-403F-B890-1EF1E5A5F0FD}.Debug|Any CPU.ActiveCfg = Debug|Any CPU
		{FC087083-FE87-403F-B890-1EF1E5A5F0FD}.Debug|Any CPU.Build.0 = Debug|Any CPU
		{FC087083-FE87-403F-B890-1EF1E5A5F0FD}.Release|Any CPU.ActiveCfg = Release|Any CPU
		{FC087083-FE87-403F-B890-1EF1E5A5F0FD}.Release|Any CPU.Build.0 = Release|Any CPU
		{713DFFBE-D7B0-4C11-BE73-1256CCFA6608}.Debug|Any CPU.ActiveCfg = Debug|Any CPU
		{713DFFBE-D7B0-4C11-BE73-1256CCFA6608}.Debug|Any CPU.Build.0 = Debug|Any CPU
		{713DFFBE-D7B0-4C11-BE73-1256CCFA6608}.Release|Any CPU.ActiveCfg = Release|Any CPU
		{713DFFBE-D7B0-4C11-BE73-1256CCFA6608}.Release|Any CPU.Build.0 = Release|Any CPU
	EndGlobalSection
	GlobalSection(SolutionProperties) = preSolution
		HideSolutionNode = FALSE
	EndGlobalSection
	GlobalSection(ExtensibilityGlobals) = postSolution
		SolutionGuid = {BC9F15EF-83DA-4B3F-9FF0-02CF1FFAC6ED}
	EndGlobalSection
EndGlobal
